// !$*UTF8*$!
{
	archiveVersion = 1;
	classes = {
	};
	objectVersion = 46;
	objects = {

/* Begin PBXBuildFile section */
		33A7E9CD1B9528AF008C5724 /* AppDelegate.swift in Sources */ = {isa = PBXBuildFile; fileRef = 33A7E9CC1B9528AF008C5724 /* AppDelegate.swift */; };
		33A7E9D01B9528AF008C5724 /* InputV2.xcdatamodeld in Sources */ = {isa = PBXBuildFile; fileRef = 33A7E9CE1B9528AF008C5724 /* InputV2.xcdatamodeld */; };
		33A7E9D21B9528AF008C5724 /* ViewController.swift in Sources */ = {isa = PBXBuildFile; fileRef = 33A7E9D11B9528AF008C5724 /* ViewController.swift */; };
		33A7E9D51B9528AF008C5724 /* Main.storyboard in Resources */ = {isa = PBXBuildFile; fileRef = 33A7E9D31B9528AF008C5724 /* Main.storyboard */; };
		33A7E9D71B9528AF008C5724 /* Images.xcassets in Resources */ = {isa = PBXBuildFile; fileRef = 33A7E9D61B9528AF008C5724 /* Images.xcassets */; };
		33A7E9DA1B9528AF008C5724 /* LaunchScreen.xib in Resources */ = {isa = PBXBuildFile; fileRef = 33A7E9D81B9528AF008C5724 /* LaunchScreen.xib */; };
		33A7E9E61B9528AF008C5724 /* InputV2Tests.swift in Sources */ = {isa = PBXBuildFile; fileRef = 33A7E9E51B9528AF008C5724 /* InputV2Tests.swift */; };
/* End PBXBuildFile section */

/* Begin PBXContainerItemProxy section */
		33A7E9E01B9528AF008C5724 /* PBXContainerItemProxy */ = {
			isa = PBXContainerItemProxy;
			containerPortal = 33A7E9BF1B9528AF008C5724 /* Project object */;
			proxyType = 1;
			remoteGlobalIDString = 33A7E9C61B9528AF008C5724;
			remoteInfo = InputV2;
		};
/* End PBXContainerItemProxy section */

/* Begin PBXFileReference section */
		33A7E9C71B9528AF008C5724 /* InputV2.app */ = {isa = PBXFileReference; explicitFileType = wrapper.application; includeInIndex = 0; path = InputV2.app; sourceTree = BUILT_PRODUCTS_DIR; };
		33A7E9CB1B9528AF008C5724 /* Info.plist */ = {isa = PBXFileReference; lastKnownFileType = text.plist.xml; path = Info.plist; sourceTree = "<group>"; };
		33A7E9CC1B9528AF008C5724 /* AppDelegate.swift */ = {isa = PBXFileReference; lastKnownFileType = sourcecode.swift; path = AppDelegate.swift; sourceTree = "<group>"; };
		33A7E9CF1B9528AF008C5724 /* InputV2.xcdatamodel */ = {isa = PBXFileReference; lastKnownFileType = wrapper.xcdatamodel; path = InputV2.xcdatamodel; sourceTree = "<group>"; };
		33A7E9D11B9528AF008C5724 /* ViewController.swift */ = {isa = PBXFileReference; lastKnownFileType = sourcecode.swift; path = ViewController.swift; sourceTree = "<group>"; };
		33A7E9D41B9528AF008C5724 /* Base */ = {isa = PBXFileReference; lastKnownFileType = file.storyboard; name = Base; path = Base.lproj/Main.storyboard; sourceTree = "<group>"; };
		33A7E9D61B9528AF008C5724 /* Images.xcassets */ = {isa = PBXFileReference; lastKnownFileType = folder.assetcatalog; path = Images.xcassets; sourceTree = "<group>"; };
		33A7E9D91B9528AF008C5724 /* Base */ = {isa = PBXFileReference; lastKnownFileType = file.xib; name = Base; path = Base.lproj/LaunchScreen.xib; sourceTree = "<group>"; };
		33A7E9DF1B9528AF008C5724 /* InputV2Tests.xctest */ = {isa = PBXFileReference; explicitFileType = wrapper.cfbundle; includeInIndex = 0; path = InputV2Tests.xctest; sourceTree = BUILT_PRODUCTS_DIR; };
		33A7E9E41B9528AF008C5724 /* Info.plist */ = {isa = PBXFileReference; lastKnownFileType = text.plist.xml; path = Info.plist; sourceTree = "<group>"; };
		33A7E9E51B9528AF008C5724 /* InputV2Tests.swift */ = {isa = PBXFileReference; lastKnownFileType = sourcecode.swift; path = InputV2Tests.swift; sourceTree = "<group>"; };
/* End PBXFileReference section */

/* Begin PBXFrameworksBuildPhase section */
		33A7E9C41B9528AF008C5724 /* Frameworks */ = {
			isa = PBXFrameworksBuildPhase;
			buildActionMask = 2147483647;
			files = (
			);
			runOnlyForDeploymentPostprocessing = 0;
		};
		33A7E9DC1B9528AF008C5724 /* Frameworks */ = {
			isa = PBXFrameworksBuildPhase;
			buildActionMask = 2147483647;
			files = (
			);
			runOnlyForDeploymentPostprocessing = 0;
		};
/* End PBXFrameworksBuildPhase section */

/* Begin PBXGroup section */
		33A7E9BE1B9528AF008C5724 = {
			isa = PBXGroup;
			children = (
				33A7E9C91B9528AF008C5724 /* InputV2 */,
				33A7E9E21B9528AF008C5724 /* InputV2Tests */,
				33A7E9C81B9528AF008C5724 /* Products */,
			);
			sourceTree = "<group>";
		};
		33A7E9C81B9528AF008C5724 /* Products */ = {
			isa = PBXGroup;
			children = (
				33A7E9C71B9528AF008C5724 /* InputV2.app */,
				33A7E9DF1B9528AF008C5724 /* InputV2Tests.xctest */,
			);
			name = Products;
			sourceTree = "<group>";
		};
		33A7E9C91B9528AF008C5724 /* InputV2 */ = {
			isa = PBXGroup;
			children = (
				33A7E9CC1B9528AF008C5724 /* AppDelegate.swift */,
				33A7E9D11B9528AF008C5724 /* ViewController.swift */,
				33A7E9D31B9528AF008C5724 /* Main.storyboard */,
				33A7E9D61B9528AF008C5724 /* Images.xcassets */,
				33A7E9D81B9528AF008C5724 /* LaunchScreen.xib */,
				33A7E9CE1B9528AF008C5724 /* InputV2.xcdatamodeld */,
				33A7E9CA1B9528AF008C5724 /* Supporting Files */,
			);
			path = InputV2;
			sourceTree = "<group>";
		};
		33A7E9CA1B9528AF008C5724 /* Supporting Files */ = {
			isa = PBXGroup;
			children = (
				33A7E9CB1B9528AF008C5724 /* Info.plist */,
			);
			name = "Supporting Files";
			sourceTree = "<group>";
		};
		33A7E9E21B9528AF008C5724 /* InputV2Tests */ = {
			isa = PBXGroup;
			children = (
				33A7E9E51B9528AF008C5724 /* InputV2Tests.swift */,
				33A7E9E31B9528AF008C5724 /* Supporting Files */,
			);
			path = InputV2Tests;
			sourceTree = "<group>";
		};
		33A7E9E31B9528AF008C5724 /* Supporting Files */ = {
			isa = PBXGroup;
			children = (
				33A7E9E41B9528AF008C5724 /* Info.plist */,
			);
			name = "Supporting Files";
			sourceTree = "<group>";
		};
/* End PBXGroup section */

/* Begin PBXNativeTarget section */
		33A7E9C61B9528AF008C5724 /* InputV2 */ = {
			isa = PBXNativeTarget;
			buildConfigurationList = 33A7E9E91B9528AF008C5724 /* Build configuration list for PBXNativeTarget "InputV2" */;
			buildPhases = (
				33A7E9C31B9528AF008C5724 /* Sources */,
				33A7E9C41B9528AF008C5724 /* Frameworks */,
				33A7E9C51B9528AF008C5724 /* Resources */,
			);
			buildRules = (
			);
			dependencies = (
			);
			name = InputV2;
			productName = InputV2;
			productReference = 33A7E9C71B9528AF008C5724 /* InputV2.app */;
			productType = "com.apple.product-type.application";
		};
		33A7E9DE1B9528AF008C5724 /* InputV2Tests */ = {
			isa = PBXNativeTarget;
			buildConfigurationList = 33A7E9EC1B9528AF008C5724 /* Build configuration list for PBXNativeTarget "InputV2Tests" */;
			buildPhases = (
				33A7E9DB1B9528AF008C5724 /* Sources */,
				33A7E9DC1B9528AF008C5724 /* Frameworks */,
				33A7E9DD1B9528AF008C5724 /* Resources */,
			);
			buildRules = (
			);
			dependencies = (
				33A7E9E11B9528AF008C5724 /* PBXTargetDependency */,
			);
			name = InputV2Tests;
			productName = InputV2Tests;
			productReference = 33A7E9DF1B9528AF008C5724 /* InputV2Tests.xctest */;
			productType = "com.apple.product-type.bundle.unit-test";
		};
/* End PBXNativeTarget section */

/* Begin PBXProject section */
		33A7E9BF1B9528AF008C5724 /* Project object */ = {
			isa = PBXProject;
			attributes = {
				LastUpgradeCheck = 0640;
				ORGANIZATIONNAME = "Daniel Osvath";
				TargetAttributes = {
					33A7E9C61B9528AF008C5724 = {
						CreatedOnToolsVersion = 6.4;
					};
					33A7E9DE1B9528AF008C5724 = {
						CreatedOnToolsVersion = 6.4;
						TestTargetID = 33A7E9C61B9528AF008C5724;
					};
				};
			};
			buildConfigurationList = 33A7E9C21B9528AF008C5724 /* Build configuration list for PBXProject "InputV2" */;
			compatibilityVersion = "Xcode 3.2";
			developmentRegion = English;
			hasScannedForEncodings = 0;
			knownRegions = (
				en,
				Base,
			);
			mainGroup = 33A7E9BE1B9528AF008C5724;
			productRefGroup = 33A7E9C81B9528AF008C5724 /* Products */;
			projectDirPath = "";
			projectRoot = "";
			targets = (
				33A7E9C61B9528AF008C5724 /* InputV2 */,
				33A7E9DE1B9528AF008C5724 /* InputV2Tests */,
			);
		};
/* End PBXProject section */

/* Begin PBXResourcesBuildPhase section */
		33A7E9C51B9528AF008C5724 /* Resources */ = {
			isa = PBXResourcesBuildPhase;
			buildActionMask = 2147483647;
			files = (
				33A7E9D51B9528AF008C5724 /* Main.storyboard in Resources */,
				33A7E9DA1B9528AF008C5724 /* LaunchScreen.xib in Resources */,
				33A7E9D71B9528AF008C5724 /* Images.xcassets in Resources */,
			);
			runOnlyForDeploymentPostprocessing = 0;
		};
		33A7E9DD1B9528AF008C5724 /* Resources */ = {
			isa = PBXResourcesBuildPhase;
			buildActionMask = 2147483647;
			files = (
			);
			runOnlyForDeploymentPostprocessing = 0;
		};
/* End PBXResourcesBuildPhase section */

/* Begin PBXSourcesBuildPhase section */
		33A7E9C31B9528AF008C5724 /* Sources */ = {
			isa = PBXSourcesBuildPhase;
			buildActionMask = 2147483647;
			files = (
				33A7E9D21B9528AF008C5724 /* ViewController.swift in Sources */,
				33A7E9D01B9528AF008C5724 /* InputV2.xcdatamodeld in Sources */,
				33A7E9CD1B9528AF008C5724 /* AppDelegate.swift in Sources */,
			);
			runOnlyForDeploymentPostprocessing = 0;
		};
		33A7E9DB1B9528AF008C5724 /* Sources */ = {
			isa = PBXSourcesBuildPhase;
			buildActionMask = 2147483647;
			files = (
				33A7E9E61B9528AF008C5724 /* InputV2Tests.swift in Sources */,
			);
			runOnlyForDeploymentPostprocessing = 0;
		};
/* End PBXSourcesBuildPhase section */

/* Begin PBXTargetDependency section */
		33A7E9E11B9528AF008C5724 /* PBXTargetDependency */ = {
			isa = PBXTargetDependency;
			target = 33A7E9C61B9528AF008C5724 /* InputV2 */;
			targetProxy = 33A7E9E01B9528AF008C5724 /* PBXContainerItemProxy */;
		};
/* End PBXTargetDependency section */

/* Begin PBXVariantGroup section */
		33A7E9D31B9528AF008C5724 /* Main.storyboard */ = {
			isa = PBXVariantGroup;
			children = (
				33A7E9D41B9528AF008C5724 /* Base */,
			);
			name = Main.storyboard;
			sourceTree = "<group>";
		};
		33A7E9D81B9528AF008C5724 /* LaunchScreen.xib */ = {
			isa = PBXVariantGroup;
			children = (
				33A7E9D91B9528AF008C5724 /* Base */,
			);
			name = LaunchScreen.xib;
			sourceTree = "<group>";
		};
/* End PBXVariantGroup section */

/* Begin XCBuildConfiguration section */
		33A7E9E71B9528AF008C5724 /* Debug */ = {
			isa = XCBuildConfiguration;
			buildSettings = {
				ALWAYS_SEARCH_USER_PATHS = NO;
				CLANG_CXX_LANGUAGE_STANDARD = "gnu++0x";
				CLANG_CXX_LIBRARY = "libc++";
				CLANG_ENABLE_MODULES = YES;
				CLANG_ENABLE_OBJC_ARC = YES;
				CLANG_WARN_BOOL_CONVERSION = YES;
				CLANG_WARN_CONSTANT_CONVERSION = YES;
				CLANG_WARN_DIRECT_OBJC_ISA_USAGE = YES_ERROR;
				CLANG_WARN_EMPTY_BODY = YES;
				CLANG_WARN_ENUM_CONVERSION = YES;
				CLANG_WARN_INT_CONVERSION = YES;
				CLANG_WARN_OBJC_ROOT_CLASS = YES_ERROR;
				CLANG_WARN_UNREACHABLE_CODE = YES;
				CLANG_WARN__DUPLICATE_METHOD_MATCH = YES;
				"CODE_SIGN_IDENTITY[sdk=iphoneos*]" = "iPhone Developer";
				COPY_PHASE_STRIP = NO;
				DEBUG_INFORMATION_FORMAT = "dwarf-with-dsym";
				ENABLE_STRICT_OBJC_MSGSEND = YES;
				GCC_C_LANGUAGE_STANDARD = gnu99;
				GCC_DYNAMIC_NO_PIC = NO;
				GCC_NO_COMMON_BLOCKS = YES;
				GCC_OPTIMIZATION_LEVEL = 0;
				GCC_PREPROCESSOR_DEFINITIONS = (
					"DEBUG=1",
					"$(inherited)",
				);
				GCC_SYMBOLS_PRIVATE_EXTERN = NO;
				GCC_WARN_64_TO_32_BIT_CONVERSION = YES;
				GCC_WARN_ABOUT_RETURN_TYPE = YES_ERROR;
				GCC_WARN_UNDECLARED_SELECTOR = YES;
				GCC_WARN_UNINITIALIZED_AUTOS = YES_AGGRESSIVE;
				GCC_WARN_UNUSED_FUNCTION = YES;
				GCC_WARN_UNUSED_VARIABLE = YES;
				IPHONEOS_DEPLOYMENT_TARGET = 8.4;
				MTL_ENABLE_DEBUG_INFO = YES;
				ONLY_ACTIVE_ARCH = YES;
				SDKROOT = iphoneos;
				SWIFT_OPTIMIZATION_LEVEL = "-Onone";
				TARGETED_DEVICE_FAMILY = "1,2";
			};
			name = Debug;
		};
		33A7E9E81B9528AF008C5724 /* Release */ = {
			isa = XCBuildConfiguration;
			buildSettings = {
				ALWAYS_SEARCH_USER_PATHS = NO;
				CLANG_CXX_LANGUAGE_STANDARD = "gnu++0x";
				CLANG_CXX_LIBRARY = "libc++";
				CLANG_ENABLE_MODULES = YES;
				CLANG_ENABLE_OBJC_ARC = YES;
				CLANG_WARN_BOOL_CONVERSION = YES;
				CLANG_WARN_CONSTANT_CONVERSION = YES;
				CLANG_WARN_DIRECT_OBJC_ISA_USAGE = YES_ERROR;
				CLANG_WARN_EMPTY_BODY = YES;
				CLANG_WARN_ENUM_CONVERSION = YES;
				CLANG_WARN_INT_CONVERSION = YES;
				CLANG_WARN_OBJC_ROOT_CLASS = YES_ERROR;
				CLANG_WARN_UNREACHABLE_CODE = YES;
				CLANG_WARN__DUPLICATE_METHOD_MATCH = YES;
				"CODE_SIGN_IDENTITY[sdk=iphoneos*]" = "iPhone Developer";
				COPY_PHASE_STRIP = NO;
				DEBUG_INFORMATION_FORMAT = "dwarf-with-dsym";
				ENABLE_NS_ASSERTIONS = NO;
				ENABLE_STRICT_OBJC_MSGSEND = YES;
				GCC_C_LANGUAGE_STANDARD = gnu99;
				GCC_NO_COMMON_BLOCKS = YES;
				GCC_WARN_64_TO_32_BIT_CONVERSION = YES;
				GCC_WARN_ABOUT_RETURN_TYPE = YES_ERROR;
				GCC_WARN_UNDECLARED_SELECTOR = YES;
				GCC_WARN_UNINITIALIZED_AUTOS = YES_AGGRESSIVE;
				GCC_WARN_UNUSED_FUNCTION = YES;
				GCC_WARN_UNUSED_VARIABLE = YES;
				IPHONEOS_DEPLOYMENT_TARGET = 8.4;
				MTL_ENABLE_DEBUG_INFO = NO;
				SDKROOT = iphoneos;
				TARGETED_DEVICE_FAMILY = "1,2";
				VALIDATE_PRODUCT = YES;
			};
			name = Release;
		};
		33A7E9EA1B9528AF008C5724 /* Debug */ = {
			isa = XCBuildConfiguration;
			buildSettings = {
				ASSETCATALOG_COMPILER_APPICON_NAME = AppIcon;
				INFOPLIST_FILE = InputV2/Info.plist;
				LD_RUNPATH_SEARCH_PATHS = "$(inherited) @executable_path/Frameworks";
				PRODUCT_NAME = "$(TARGET_NAME)";
			};
			name = Debug;
		};
		33A7E9EB1B9528AF008C5724 /* Release */ = {
			isa = XCBuildConfiguration;
			buildSettings = {
				ASSETCATALOG_COMPILER_APPICON_NAME = AppIcon;
				INFOPLIST_FILE = InputV2/Info.plist;
				LD_RUNPATH_SEARCH_PATHS = "$(inherited) @executable_path/Frameworks";
				PRODUCT_NAME = "$(TARGET_NAME)";
			};
			name = Release;
		};
		33A7E9ED1B9528AF008C5724 /* Debug */ = {
			isa = XCBuildConfiguration;
			buildSettings = {
				BUNDLE_LOADER = "$(TEST_HOST)";
				FRAMEWORK_SEARCH_PATHS = (
					"$(SDKROOT)/Developer/Library/Frameworks",
					"$(inherited)",
				);
				GCC_PREPROCESSOR_DEFINITIONS = (
					"DEBUG=1",
					"$(inherited)",
				);
				INFOPLIST_FILE = InputV2Tests/Info.plist;
				LD_RUNPATH_SEARCH_PATHS = "$(inherited) @executable_path/Frameworks @loader_path/Frameworks";
				PRODUCT_NAME = "$(TARGET_NAME)";
				TEST_HOST = "$(BUILT_PRODUCTS_DIR)/InputV2.app/InputV2";
			};
			name = Debug;
		};
		33A7E9EE1B9528AF008C5724 /* Release */ = {
			isa = XCBuildConfiguration;
			buildSettings = {
				BUNDLE_LOADER = "$(TEST_HOST)";
				FRAMEWORK_SEARCH_PATHS = (
					"$(SDKROOT)/Developer/Library/Frameworks",
					"$(inherited)",
				);
				INFOPLIST_FILE = InputV2Tests/Info.plist;
				LD_RUNPATH_SEARCH_PATHS = "$(inherited) @executable_path/Frameworks @loader_path/Frameworks";
				PRODUCT_NAME = "$(TARGET_NAME)";
				TEST_HOST = "$(BUILT_PRODUCTS_DIR)/InputV2.app/InputV2";
			};
			name = Release;
		};
/* End XCBuildConfiguration section */

/* Begin XCConfigurationList section */
		33A7E9C21B9528AF008C5724 /* Build configuration list for PBXProject "InputV2" */ = {
			isa = XCConfigurationList;
			buildConfigurations = (
				33A7E9E71B9528AF008C5724 /* Debug */,
				33A7E9E81B9528AF008C5724 /* Release */,
			);
			defaultConfigurationIsVisible = 0;
			defaultConfigurationName = Release;
		};
		33A7E9E91B9528AF008C5724 /* Build configuration list for PBXNativeTarget "InputV2" */ = {
			isa = XCConfigurationList;
			buildConfigurations = (
				33A7E9EA1B9528AF008C5724 /* Debug */,
				33A7E9EB1B9528AF008C5724 /* Release */,
			);
			defaultConfigurationIsVisible = 0;
		};
		33A7E9EC1B9528AF008C5724 /* Build configuration list for PBXNativeTarget "InputV2Tests" */ = {
			isa = XCConfigurationList;
			buildConfigurations = (
				33A7E9ED1B9528AF008C5724 /* Debug */,
				33A7E9EE1B9528AF008C5724 /* Release */,
			);
			defaultConfigurationIsVisible = 0;
		};
/* End XCConfigurationList section */

/* Begin XCVersionGroup section */
		33A7E9CE1B9528AF008C5724 /* InputV2.xcdatamodeld */ = {
			isa = XCVersionGroup;
			children = (
				33A7E9CF1B9528AF008C5724 /* InputV2.xcdatamodel */,
			);
			currentVersion = 33A7E9CF1B9528AF008C5724 /* InputV2.xcdatamodel */;
			path = InputV2.xcdatamodeld;
			sourceTree = "<group>";
			versionGroupType = wrapper.xcdatamodel;
		};
/* End XCVersionGroup section */
	};
	rootObject = 33A7E9BF1B9528AF008C5724 /* Project object */;
}
